// !$*UTF8*$!
{
	archiveVersion = 1;
	classes = {
	};
	objectVersion = 46;
	objects = {

/* Begin PBXBuildFile section */
		A2A7C4CF1AABFE1D003C78DF /* main.m in Sources */ = {isa = PBXBuildFile; fileRef = A2A7C4CE1AABFE1D003C78DF /* main.m */; };
		A2A7C4D21AABFE1D003C78DF /* AppDelegate.m in Sources */ = {isa = PBXBuildFile; fileRef = A2A7C4D11AABFE1D003C78DF /* AppDelegate.m */; };
		A2A7C4DA1AABFE1D003C78DF /* Images.xcassets in Resources */ = {isa = PBXBuildFile; fileRef = A2A7C4D91AABFE1D003C78DF /* Images.xcassets */; };
		A2A7C4DD1AABFE1D003C78DF /* LaunchScreen.xib in Resources */ = {isa = PBXBuildFile; fileRef = A2A7C4DB1AABFE1D003C78DF /* LaunchScreen.xib */; };
		A2A7C4F51AABFE63003C78DF /* RootViewController.m in Sources */ = {isa = PBXBuildFile; fileRef = A2A7C4F31AABFE63003C78DF /* RootViewController.m */; };
		A2A7C4F61AABFE63003C78DF /* RootViewController.xib in Resources */ = {isa = PBXBuildFile; fileRef = A2A7C4F41AABFE63003C78DF /* RootViewController.xib */; };
		A2A7C4FA1AABFEA7003C78DF /* JKCountDownButton.m in Sources */ = {isa = PBXBuildFile; fileRef = A2A7C4F91AABFEA7003C78DF /* JKCountDownButton.m */; };
/* End PBXBuildFile section */

/* Begin PBXFileReference section */
		A2A7C4C91AABFE1D003C78DF /* JKCountDownButton.app */ = {isa = PBXFileReference; explicitFileType = wrapper.application; includeInIndex = 0; path = JKCountDownButton.app; sourceTree = BUILT_PRODUCTS_DIR; };
		A2A7C4CD1AABFE1D003C78DF /* Info.plist */ = {isa = PBXFileReference; lastKnownFileType = text.plist.xml; path = Info.plist; sourceTree = "<group>"; };
		A2A7C4CE1AABFE1D003C78DF /* main.m */ = {isa = PBXFileReference; lastKnownFileType = sourcecode.c.objc; path = main.m; sourceTree = "<group>"; };
		A2A7C4D01AABFE1D003C78DF /* AppDelegate.h */ = {isa = PBXFileReference; lastKnownFileType = sourcecode.c.h; path = AppDelegate.h; sourceTree = "<group>"; };
		A2A7C4D11AABFE1D003C78DF /* AppDelegate.m */ = {isa = PBXFileReference; lastKnownFileType = sourcecode.c.objc; path = AppDelegate.m; sourceTree = "<group>"; };
		A2A7C4D91AABFE1D003C78DF /* Images.xcassets */ = {isa = PBXFileReference; lastKnownFileType = folder.assetcatalog; path = Images.xcassets; sourceTree = "<group>"; };
		A2A7C4DC1AABFE1D003C78DF /* Base */ = {isa = PBXFileReference; lastKnownFileType = file.xib; name = Base; path = Base.lproj/LaunchScreen.xib; sourceTree = "<group>"; };
		A2A7C4F21AABFE63003C78DF /* RootViewController.h */ = {isa = PBXFileReference; fileEncoding = 4; lastKnownFileType = sourcecode.c.h; path = RootViewController.h; sourceTree = "<group>"; };
		A2A7C4F31AABFE63003C78DF /* RootViewController.m */ = {isa = PBXFileReference; fileEncoding = 4; lastKnownFileType = sourcecode.c.objc; path = RootViewController.m; sourceTree = "<group>"; };
		A2A7C4F41AABFE63003C78DF /* RootViewController.xib */ = {isa = PBXFileReference; fileEncoding = 4; lastKnownFileType = file.xib; path = RootViewController.xib; sourceTree = "<group>"; };
		A2A7C4F81AABFEA7003C78DF /* JKCountDownButton.h */ = {isa = PBXFileReference; fileEncoding = 4; lastKnownFileType = sourcecode.c.h; path = JKCountDownButton.h; sourceTree = "<group>"; };
		A2A7C4F91AABFEA7003C78DF /* JKCountDownButton.m */ = {isa = PBXFileReference; fileEncoding = 4; lastKnownFileType = sourcecode.c.objc; path = JKCountDownButton.m; sourceTree = "<group>"; };
/* End PBXFileReference section */

/* Begin PBXFrameworksBuildPhase section */
		A2A7C4C61AABFE1D003C78DF /* Frameworks */ = {
			isa = PBXFrameworksBuildPhase;
			buildActionMask = 2147483647;
			files = (
			);
			runOnlyForDeploymentPostprocessing = 0;
		};
/* End PBXFrameworksBuildPhase section */

/* Begin PBXGroup section */
		A2A7C4C01AABFE1D003C78DF = {
			isa = PBXGroup;
			children = (
				A2A7C4CB1AABFE1D003C78DF /* JKCountDownButton */,
				A2A7C4CA1AABFE1D003C78DF /* Products */,
			);
			sourceTree = "<group>";
		};
		A2A7C4CA1AABFE1D003C78DF /* Products */ = {
			isa = PBXGroup;
			children = (
				A2A7C4C91AABFE1D003C78DF /* JKCountDownButton.app */,
			);
			name = Products;
			sourceTree = "<group>";
		};
		A2A7C4CB1AABFE1D003C78DF /* JKCountDownButton */ = {
			isa = PBXGroup;
			children = (
				A2A7C4F71AABFE93003C78DF /* JKCountDownButton */,
				A2A7C4D01AABFE1D003C78DF /* AppDelegate.h */,
				A2A7C4D11AABFE1D003C78DF /* AppDelegate.m */,
				A2A7C4F21AABFE63003C78DF /* RootViewController.h */,
				A2A7C4F31AABFE63003C78DF /* RootViewController.m */,
				A2A7C4F41AABFE63003C78DF /* RootViewController.xib */,
				A2A7C4D91AABFE1D003C78DF /* Images.xcassets */,
				A2A7C4DB1AABFE1D003C78DF /* LaunchScreen.xib */,
				A2A7C4CC1AABFE1D003C78DF /* Supporting Files */,
			);
			path = JKCountDownButton;
			sourceTree = "<group>";
		};
		A2A7C4CC1AABFE1D003C78DF /* Supporting Files */ = {
			isa = PBXGroup;
			children = (
				A2A7C4CD1AABFE1D003C78DF /* Info.plist */,
				A2A7C4CE1AABFE1D003C78DF /* main.m */,
			);
			name = "Supporting Files";
			sourceTree = "<group>";
		};
		A2A7C4F71AABFE93003C78DF /* JKCountDownButton */ = {
			isa = PBXGroup;
			children = (
				A2A7C4F81AABFEA7003C78DF /* JKCountDownButton.h */,
				A2A7C4F91AABFEA7003C78DF /* JKCountDownButton.m */,
			);
			path = JKCountDownButton;
			sourceTree = "<group>";
		};
/* End PBXGroup section */

/* Begin PBXNativeTarget section */
		A2A7C4C81AABFE1D003C78DF /* JKCountDownButton */ = {
			isa = PBXNativeTarget;
			buildConfigurationList = A2A7C4EC1AABFE1E003C78DF /* Build configuration list for PBXNativeTarget "JKCountDownButton" */;
			buildPhases = (
				A2A7C4C51AABFE1D003C78DF /* Sources */,
				A2A7C4C61AABFE1D003C78DF /* Frameworks */,
				A2A7C4C71AABFE1D003C78DF /* Resources */,
			);
			buildRules = (
			);
			dependencies = (
			);
			name = JKCountDownButton;
			productName = JKCountDownButton;
			productReference = A2A7C4C91AABFE1D003C78DF /* JKCountDownButton.app */;
			productType = "com.apple.product-type.application";
		};
/* End PBXNativeTarget section */

/* Begin PBXProject section */
		A2A7C4C11AABFE1D003C78DF /* Project object */ = {
			isa = PBXProject;
			attributes = {
				LastUpgradeCheck = 0730;
				ORGANIZATIONNAME = www.skyfox.org;
				TargetAttributes = {
					A2A7C4C81AABFE1D003C78DF = {
						CreatedOnToolsVersion = 6.1.1;
					};
				};
			};
			buildConfigurationList = A2A7C4C41AABFE1D003C78DF /* Build configuration list for PBXProject "JKCountDownButton" */;
			compatibilityVersion = "Xcode 3.2";
			developmentRegion = English;
			hasScannedForEncodings = 0;
			knownRegions = (
				en,
				Base,
			);
			mainGroup = A2A7C4C01AABFE1D003C78DF;
			productRefGroup = A2A7C4CA1AABFE1D003C78DF /* Products */;
			projectDirPath = "";
			projectRoot = "";
			targets = (
				A2A7C4C81AABFE1D003C78DF /* JKCountDownButton */,
			);
		};
/* End PBXProject section */

/* Begin PBXResourcesBuildPhase section */
		A2A7C4C71AABFE1D003C78DF /* Resources */ = {
			isa = PBXResourcesBuildPhase;
			buildActionMask = 2147483647;
			files = (
				A2A7C4DD1AABFE1D003C78DF /* LaunchScreen.xib in Resources */,
				A2A7C4DA1AABFE1D003C78DF /* Images.xcassets in Resources */,
				A2A7C4F61AABFE63003C78DF /* RootViewController.xib in Resources */,
			);
			runOnlyForDeploymentPostprocessing = 0;
		};
/* End PBXResourcesBuildPhase section */

/* Begin PBXSourcesBuildPhase section */
		A2A7C4C51AABFE1D003C78DF /* Sources */ = {
			isa = PBXSourcesBuildPhase;
			buildActionMask = 2147483647;
			files = (
				A2A7C4FA1AABFEA7003C78DF /* JKCountDownButton.m in Sources */,
				A2A7C4D21AABFE1D003C78DF /* AppDelegate.m in Sources */,
				A2A7C4CF1AABFE1D003C78DF /* main.m in Sources */,
				A2A7C4F51AABFE63003C78DF /* RootViewController.m in Sources */,
			);
			runOnlyForDeploymentPostprocessing = 0;
		};
/* End PBXSourcesBuildPhase section */

/* Begin PBXVariantGroup section */
		A2A7C4DB1AABFE1D003C78DF /* LaunchScreen.xib */ = {
			isa = PBXVariantGroup;
			children = (
				A2A7C4DC1AABFE1D003C78DF /* Base */,
			);
			name = LaunchScreen.xib;
			sourceTree = "<group>";
		};
/* End PBXVariantGroup section */

/* Begin XCBuildConfiguration section */
		A2A7C4EA1AABFE1E003C78DF /* Debug */ = {
			isa = XCBuildConfiguration;
			buildSettings = {
				ALWAYS_SEARCH_USER_PATHS = NO;
				CLANG_CXX_LANGUAGE_STANDARD = "gnu++0x";
				CLANG_CXX_LIBRARY = "libc++";
				CLANG_ENABLE_MODULES = YES;
				CLANG_ENABLE_OBJC_ARC = YES;
				CLANG_WARN_BOOL_CONVERSION = YES;
				CLANG_WARN_CONSTANT_CONVERSION = YES;
				CLANG_WARN_DIRECT_OBJC_ISA_USAGE = YES_ERROR;
				CLANG_WARN_EMPTY_BODY = YES;
				CLANG_WARN_ENUM_CONVERSION = YES;
				CLANG_WARN_INT_CONVERSION = YES;
				CLANG_WARN_OBJC_ROOT_CLASS = YES_ERROR;
				CLANG_WARN_UNREACHABLE_CODE = YES;
				CLANG_WARN__DUPLICATE_METHOD_MATCH = YES;
				"CODE_SIGN_IDENTITY[sdk=iphoneos*]" = "iPhone Developer";
				COPY_PHASE_STRIP = NO;
				ENABLE_STRICT_OBJC_MSGSEND = YES;
				ENABLE_TESTABILITY = YES;
				GCC_C_LANGUAGE_STANDARD = gnu99;
				GCC_DYNAMIC_NO_PIC = NO;
				GCC_OPTIMIZATION_LEVEL = 0;
				GCC_PREPROCESSOR_DEFINITIONS = (
					"DEBUG=1",
					"$(inherited)",
				);
				GCC_SYMBOLS_PRIVATE_EXTERN = NO;
				GCC_WARN_64_TO_32_BIT_CONVERSION = YES;
				GCC_WARN_ABOUT_RETURN_TYPE = YES_ERROR;
				GCC_WARN_UNDECLARED_SELECTOR = YES;
				GCC_WARN_UNINITIALIZED_AUTOS = YES_AGGRESSIVE;
				GCC_WARN_UNUSED_FUNCTION = YES;
				GCC_WARN_UNUSED_VARIABLE = YES;
				IPHONEOS_DEPLOYMENT_TARGET = 7.0;
				MTL_ENABLE_DEBUG_INFO = YES;
				ONLY_ACTIVE_ARCH = YES;
				SDKROOT = iphoneos;
			};
			name = Debug;
		};
		A2A7C4EB1AABFE1E003C78DF /* Release */ = {
			isa = XCBuildConfiguration;
			buildSettings = {
				ALWAYS_SEARCH_USER_PATHS = NO;
				CLANG_CXX_LANGUAGE_STANDARD = "gnu++0x";
				CLANG_CXX_LIBRARY = "libc++";
				CLANG_ENABLE_MODULES = YES;
				CLANG_ENABLE_OBJC_ARC = YES;
				CLANG_WARN_BOOL_CONVERSION = YES;
				CLANG_WARN_CONSTANT_CONVERSION = YES;
				CLANG_WARN_DIRECT_OBJC_ISA_USAGE = YES_ERROR;
				CLANG_WARN_EMPTY_BODY = YES;
				CLANG_WARN_ENUM_CONVERSION = YES;
				CLANG_WARN_INT_CONVERSION = YES;
				CLANG_WARN_OBJC_ROOT_CLASS = YES_ERROR;
				CLANG_WARN_UNREACHABLE_CODE = YES;
				CLANG_WARN__DUPLICATE_METHOD_MATCH = YES;
				"CODE_SIGN_IDENTITY[sdk=iphoneos*]" = "iPhone Developer";
				COPY_PHASE_STRIP = YES;
				ENABLE_NS_ASSERTIONS = NO;
				ENABLE_STRICT_OBJC_MSGSEND = YES;
				GCC_C_LANGUAGE_STANDARD = gnu99;
				GCC_WARN_64_TO_32_BIT_CONVERSION = YES;
				GCC_WARN_ABOUT_RETURN_TYPE = YES_ERROR;
				GCC_WARN_UNDECLARED_SELECTOR = YES;
				GCC_WARN_UNINITIALIZED_AUTOS = YES_AGGRESSIVE;
				GCC_WARN_UNUSED_FUNCTION = YES;
				GCC_WARN_UNUSED_VARIABLE = YES;
				IPHONEOS_DEPLOYMENT_TARGET = 7.0;
				MTL_ENABLE_DEBUG_INFO = NO;
				SDKROOT = iphoneos;
				VALIDATE_PRODUCT = YES;
			};
			name = Release;
		};
		A2A7C4ED1AABFE1E003C78DF /* Debug */ = {
			isa = XCBuildConfiguration;
			buildSettings = {
				ASSETCATALOG_COMPILER_APPICON_NAME = AppIcon;
				INFOPLIST_FILE = JKCountDownButton/Info.plist;
				IPHONEOS_DEPLOYMENT_TARGET = 7.0;
				LD_RUNPATH_SEARCH_PATHS = "$(inherited) @executable_path/Frameworks";
				PRODUCT_BUNDLE_IDENTIFIER = "org.skyfox.$(PRODUCT_NAME:rfc1034identifier)";
				PRODUCT_NAME = "$(TARGET_NAME)";
			};
			name = Debug;
		};
		A2A7C4EE1AABFE1E003C78DF /* Release */ = {
			isa = XCBuildConfiguration;
			buildSettings = {
				ASSETCATALOG_COMPILER_APPICON_NAME = AppIcon;
				INFOPLIST_FILE = JKCountDownButton/Info.plist;
				IPHONEOS_DEPLOYMENT_TARGET = 7.0;
				LD_RUNPATH_SEARCH_PATHS = "$(inherited) @executable_path/Frameworks";
				PRODUCT_BUNDLE_IDENTIFIER = "org.skyfox.$(PRODUCT_NAME:rfc1034identifier)";
				PRODUCT_NAME = "$(TARGET_NAME)";
			};
			name = Release;
		};
/* End XCBuildConfiguration section */

/* Begin XCConfigurationList section */
		A2A7C4C41AABFE1D003C78DF /* Build configuration list for PBXProject "JKCountDownButton" */ = {
			isa = XCConfigurationList;
			buildConfigurations = (
				A2A7C4EA1AABFE1E003C78DF /* Debug */,
				A2A7C4EB1AABFE1E003C78DF /* Release */,
			);
			defaultConfigurationIsVisible = 0;
			defaultConfigurationName = Release;
		};
		A2A7C4EC1AABFE1E003C78DF /* Build configuration list for PBXNativeTarget "JKCountDownButton" */ = {
			isa = XCConfigurationList;
			buildConfigurations = (
				A2A7C4ED1AABFE1E003C78DF /* Debug */,
				A2A7C4EE1AABFE1E003C78DF /* Release */,
			);
			defaultConfigurationIsVisible = 0;
			defaultConfigurationName = Release;
		};
/* End XCConfigurationList section */
	};
	rootObject = A2A7C4C11AABFE1D003C78DF /* Project object */;
}
